{
  "name": "@projectlibertylabs/gateway",
  "version": "1.0.0",
  "lockfileVersion": 3,
  "requires": true,
  "packages": {
    "": {
      "name": "@projectlibertylabs/gateway",
      "version": "1.0.0",
      "license": "Apache-2.0",
      "workspaces": [
        "packages/*"
      ],
      "devDependencies": {
        "@projectlibertylabs/prettier-config": "^1.0.0"
      }
    },
    "node_modules/@projectlibertylabs/prettier-config": {
      "resolved": "packages/prettier-config",
      "link": true
    },
    "node_modules/@projectlibertylabs/ts-config": {
      "resolved": "packages/ts-config",
      "link": true
    },
    "node_modules/prettier": {
      "version": "3.3.3",
      "resolved": "https://registry.npmjs.org/prettier/-/prettier-3.3.3.tgz",
      "integrity": "sha512-i2tDNA0O5IrMO757lfrdQZCc2jPNDVntV0m/+4whiDfWaTKfMNgR7Qz0NAeGz/nRqF4m5/6CLzbP4/liHt12Ew==",
      "license": "MIT",
      "peer": true,
      "bin": {
        "prettier": "bin/prettier.cjs"
      },
      "engines": {
        "node": ">=14"
      },
      "funding": {
        "url": "https://github.com/prettier/prettier?sponsor=1"
      }
    },
    "packages/prettier-config": {
      "name": "@projectlibertylabs/prettier-config",
      "version": "1.0.0",
      "license": "Apache-2.0",
      "peerDependencies": {
        "prettier": "^3.3.3"
      }
    },
    "packages/ts-config": {
      "name": "@projectlibertylabs/ts-config",
      "version": "1.0.0",
      "license": "Apache-2.0"
    }
  }
}
