{
  "name": "k6-scripts",
  "version": "1.0.0",
  "lockfileVersion": 3,
  "requires": true,
  "packages": {
    "": {
      "name": "k6-scripts",
      "version": "1.0.0",
      "license": "ISC",
      "devDependencies": {
        "@types/k6": "^0.51.0"
      }
    },
    "node_modules/@types/k6": {
      "version": "0.51.0",
      "resolved": "https://registry.npmjs.org/@types/k6/-/k6-0.51.0.tgz",
      "integrity": "sha512-xelcvFGPI4VYrV5ozADmRuFQBKmDqDRzxfHVuCDD1/firZiSQvTP0pntxHuYUSkRyL8I83kvABXUlnLYNT2VuA==",
      "dev": true
    }
  }
}
